<?xml version="1.0" encoding="utf-8"?>
<Project ToolsVersion="4.0" xmlns="http://schemas.microsoft.com/developer/msbuild/2003">
  <ItemGroup>
    <Filter Include="ソース ファイル">
      <UniqueIdentifier>{4FC737F1-C7A5-4376-A066-2A32D752A2FF}</UniqueIdentifier>
      <Extensions>cpp;c;cc;cxx;c++;cppm;ixx;def;odl;idl;hpj;bat;asm;asmx</Extensions>
    </Filter>
    <Filter Include="ヘッダー ファイル">
      <UniqueIdentifier>{93995380-89BD-4b04-88EB-625FBE52EBFB}</UniqueIdentifier>
      <Extensions>h;hh;hpp;hxx;h++;hm;inl;inc;ipp;xsd</Extensions>
    </Filter>
    <Filter Include="リソース ファイル">
      <UniqueIdentifier>{67DA6AB6-F800-4c08-8B7A-83BB121AAD01}</UniqueIdentifier>
      <Extensions>rc;ico;cur;bmp;dlg;rc2;rct;bin;rgs;gif;jpg;jpeg;jpe;resx;tiff;tif;png;wav;mfcribbon-ms</Extensions>
    </Filter>
    <Filter Include="シェーダー">
      <UniqueIdentifier>{e5cff7cd-0474-4cad-b7bd-f483ce21601a}</UniqueIdentifier>
    </Filter>
    <Filter Include="シェーダー\PolygonSample">
      <UniqueIdentifier>{564ebf4b-66bb-4dab-9670-fc91b12868e4}</UniqueIdentifier>
    </Filter>
    <Filter Include="シェーダー\TextureMapSample">
      <UniqueIdentifier>{204249df-8d95-4c5a-b68c-bd6a3ec5601e}</UniqueIdentifier>
    </Filter>
    <Filter Include="サンプル">
      <UniqueIdentifier>{3b3f0cf1-7f1b-4696-a467-aeed2af0237b}</UniqueIdentifier>
    </Filter>
    <Filter Include="シェーダー\MultiPassRenderingSample">
      <UniqueIdentifier>{3c4b1109-2c99-4988-8a10-c55218da26d9}</UniqueIdentifier>
    </Filter>
    <Filter Include="シェーダー\MultiRenderTargetSample">
      <UniqueIdentifier>{d9235384-2ee9-4d24-a725-dd10be3b1776}</UniqueIdentifier>
    </Filter>
  </ItemGroup>
  <ItemGroup>
    <ClCompile Include="src\Dx12Application.cpp">
      <Filter>ソース ファイル</Filter>
    </ClCompile>
    <ClCompile Include="src\main.cpp">
      <Filter>ソース ファイル</Filter>
    </ClCompile>
    <ClCompile Include="src\Application.cpp">
      <Filter>ソース ファイル</Filter>
    </ClCompile>
    <ClCompile Include="src\DrawPolygonSample.cpp">
      <Filter>サンプル</Filter>
    </ClCompile>
    <ClCompile Include="src\TextureMappingSample.cpp">
      <Filter>サンプル</Filter>
    </ClCompile>
    <ClCompile Include="src\MultiPassRenderingSample.cpp">
      <Filter>サンプル</Filter>
    </ClCompile>
    <ClCompile Include="src\MultiRenderTargetSample.cpp">
      <Filter>サンプル</Filter>
    </ClCompile>
    <ClCompile Include="src\DepthBufferSample.cpp">
      <Filter>ソース ファイル</Filter>
    </ClCompile>
  </ItemGroup>
  <ItemGroup>
    <ClInclude Include="src\Dx12Application.h">
      <Filter>ヘッダー ファイル</Filter>
    </ClInclude>
    <ClInclude Include="src\Dx12ApplicationImpl.h">
      <Filter>ヘッダー ファイル</Filter>
    </ClInclude>
    <ClInclude Include="src\Application.h">
      <Filter>ヘッダー ファイル</Filter>
    </ClInclude>
    <ClInclude Include="src\DrawPolygonSample.h">
      <Filter>サンプル</Filter>
    </ClInclude>
    <ClInclude Include="src\TextureMappingSample.h">
      <Filter>サンプル</Filter>
    </ClInclude>
    <ClInclude Include="src\MultiPassRenderingSample.h">
      <Filter>サンプル</Filter>
    </ClInclude>
    <ClInclude Include="src\MultiRenderTargetSample.h">
      <Filter>サンプル</Filter>
    </ClInclude>
    <ClInclude Include="src\DepthBufferSample.h">
      <Filter>サンプル</Filter>
    </ClInclude>
  </ItemGroup>
  <ItemGroup>
    <FxCompile Include="src\PolygonVertexShader.hlsl">
      <Filter>シェーダー</Filter>
    </FxCompile>
    <FxCompile Include="src\PolygonPixelShader.hlsl">
      <Filter>シェーダー</Filter>
    </FxCompile>
    <FxCompile Include="src\BackgroundPixelShader.hlsl">
      <Filter>シェーダー</Filter>
    </FxCompile>
    <FxCompile Include="src\MRTPolygonPixelShader.hlsl">
      <Filter>シェーダー</Filter>
    </FxCompile>
    <FxCompile Include="src\MRTPolygonVertexShader.hlsl">
      <Filter>シェーダー</Filter>
    </FxCompile>
    <FxCompile Include="src\PolygonSamplePixel.hlsl">
      <Filter>シェーダー\PolygonSample</Filter>
    </FxCompile>
    <FxCompile Include="src\PolygonSampleVertex.hlsl">
      <Filter>シェーダー\PolygonSample</Filter>
    </FxCompile>
    <FxCompile Include="src\TextureMapSampleVertex.hlsl">
      <Filter>シェーダー\TextureMapSample</Filter>
    </FxCompile>
    <FxCompile Include="src\TextureMapSamplePixel.hlsl">
      <Filter>シェーダー\TextureMapSample</Filter>
    </FxCompile>
    <FxCompile Include="src\OffscreenPixelShader.hlsl">
      <Filter>シェーダー\MultiPassRenderingSample</Filter>
    </FxCompile>
    <FxCompile Include="src\OffscreenVertexShader.hlsl">
      <Filter>シェーダー\MultiPassRenderingSample</Filter>
    </FxCompile>
    <FxCompile Include="src\MultiRenderTargetFirstPixel.hlsl">
      <Filter>シェーダー\MultiRenderTargetSample</Filter>
    </FxCompile>
    <FxCompile Include="src\MultiRenderTargetFirstVertex.hlsl">
      <Filter>シェーダー\MultiRenderTargetSample</Filter>
    </FxCompile>
    <FxCompile Include="src\MultiRenderTargetPixel.hlsl">
      <Filter>シェーダー\MultiRenderTargetSample</Filter>
    </FxCompile>
    <FxCompile Include="src\MultiRenderTargetVertex.hlsl">
      <Filter>シェーダー\MultiRenderTargetSample</Filter>
    </FxCompile>
  </ItemGroup>
  <ItemGroup>
    <None Include="src\PolygonShaderHeader.hlsli">
      <Filter>シェーダー</Filter>
    </None>
    <None Include="src\MRTHeader.hlsli">
      <Filter>シェーダー</Filter>
    </None>
    <None Include="src\PolygonSampleHeader.hlsli">
      <Filter>シェーダー\PolygonSample</Filter>
    </None>
    <None Include="src\TextureMapSampleHeader.hlsli">
      <Filter>シェーダー\TextureMapSample</Filter>
    </None>
    <None Include="src\OffscreenHeader.hlsli">
      <Filter>シェーダー\MultiPassRenderingSample</Filter>
    </None>
    <None Include="src\MultiRenderTargetHeader.hlsli">
      <Filter>シェーダー\MultiRenderTargetSample</Filter>
    </None>
  </ItemGroup>
</Project>