<?xml version="1.0" encoding="utf-8"?>
<Project ToolsVersion="4.0" xmlns="http://schemas.microsoft.com/developer/msbuild/2003">
  <ItemGroup>
    <Filter Include="ソース ファイル">
      <UniqueIdentifier>{4FC737F1-C7A5-4376-A066-2A32D752A2FF}</UniqueIdentifier>
      <Extensions>cpp;c;cc;cxx;c++;cppm;ixx;def;odl;idl;hpj;bat;asm;asmx</Extensions>
    </Filter>
    <Filter Include="ヘッダー ファイル">
      <UniqueIdentifier>{93995380-89BD-4b04-88EB-625FBE52EBFB}</UniqueIdentifier>
      <Extensions>h;hh;hpp;hxx;h++;hm;inl;inc;ipp;xsd</Extensions>
    </Filter>
    <Filter Include="リソース ファイル">
      <UniqueIdentifier>{67DA6AB6-F800-4c08-8B7A-83BB121AAD01}</UniqueIdentifier>
      <Extensions>rc;ico;cur;bmp;dlg;rc2;rct;bin;rgs;gif;jpg;jpeg;jpe;resx;tiff;tif;png;wav;mfcribbon-ms</Extensions>
    </Filter>
    <Filter Include="シェーダー">
      <UniqueIdentifier>{e5cff7cd-0474-4cad-b7bd-f483ce21601a}</UniqueIdentifier>
    </Filter>
    <Filter Include="アプリケーションサンプル">
      <UniqueIdentifier>{3b3f0cf1-7f1b-4696-a467-aeed2af0237b}</UniqueIdentifier>
    </Filter>
  </ItemGroup>
  <ItemGroup>
    <ClCompile Include="src\Dx12Application.cpp">
      <Filter>ソース ファイル</Filter>
    </ClCompile>
    <ClCompile Include="src\main.cpp">
      <Filter>ソース ファイル</Filter>
    </ClCompile>
    <ClCompile Include="src\Application.cpp">
      <Filter>ソース ファイル</Filter>
    </ClCompile>
    <ClCompile Include="src\DrawPolygonSample.cpp">
      <Filter>アプリケーションサンプル</Filter>
    </ClCompile>
  </ItemGroup>
  <ItemGroup>
    <ClInclude Include="src\Dx12Application.h">
      <Filter>ヘッダー ファイル</Filter>
    </ClInclude>
    <ClInclude Include="src\Dx12ApplicationImpl.h">
      <Filter>ヘッダー ファイル</Filter>
    </ClInclude>
    <ClInclude Include="src\Application.h">
      <Filter>ヘッダー ファイル</Filter>
    </ClInclude>
    <ClInclude Include="src\DrawPolygonSample.h">
      <Filter>アプリケーションサンプル</Filter>
    </ClInclude>
  </ItemGroup>
  <ItemGroup>
    <FxCompile Include="src\PolygonVertexShader.hlsl">
      <Filter>シェーダー</Filter>
    </FxCompile>
    <FxCompile Include="src\PolygonPixelShader.hlsl">
      <Filter>シェーダー</Filter>
    </FxCompile>
    <FxCompile Include="src\OffscreenVertexShader.hlsl">
      <Filter>シェーダー</Filter>
    </FxCompile>
    <FxCompile Include="src\OffscreenPixelShader.hlsl">
      <Filter>シェーダー</Filter>
    </FxCompile>
    <FxCompile Include="src\BackgroundPixelShader.hlsl">
      <Filter>シェーダー</Filter>
    </FxCompile>
    <FxCompile Include="src\MRTPolygonPixelShader.hlsl">
      <Filter>シェーダー</Filter>
    </FxCompile>
    <FxCompile Include="src\MRTPolygonVertexShader.hlsl">
      <Filter>シェーダー</Filter>
    </FxCompile>
    <FxCompile Include="MultiRenderTargetPixelShader.hlsl">
      <Filter>シェーダー</Filter>
    </FxCompile>
    <FxCompile Include="src\PolygonSamplePixel.hlsl">
      <Filter>シェーダー</Filter>
    </FxCompile>
    <FxCompile Include="src\PolygonSampleVertex.hlsl">
      <Filter>シェーダー</Filter>
    </FxCompile>
  </ItemGroup>
  <ItemGroup>
    <None Include="src\PolygonShaderHeader.hlsli">
      <Filter>シェーダー</Filter>
    </None>
    <None Include="src\OffscreenHeader.hlsli">
      <Filter>シェーダー</Filter>
    </None>
    <None Include="src\MRTHeader.hlsli">
      <Filter>シェーダー</Filter>
    </None>
    <None Include="src\PolygonSampleHeader.hlsli">
      <Filter>シェーダー</Filter>
    </None>
  </ItemGroup>
</Project>