<?xml version="1.0" encoding="utf-8"?>
<Project ToolsVersion="4.0" xmlns="http://schemas.microsoft.com/developer/msbuild/2003">
  <ItemGroup>
    <Filter Include="ソース ファイル">
      <UniqueIdentifier>{4FC737F1-C7A5-4376-A066-2A32D752A2FF}</UniqueIdentifier>
      <Extensions>cpp;c;cc;cxx;c++;cppm;ixx;def;odl;idl;hpj;bat;asm;asmx</Extensions>
    </Filter>
    <Filter Include="ヘッダー ファイル">
      <UniqueIdentifier>{93995380-89BD-4b04-88EB-625FBE52EBFB}</UniqueIdentifier>
      <Extensions>h;hh;hpp;hxx;h++;hm;inl;inc;ipp;xsd</Extensions>
    </Filter>
    <Filter Include="リソース ファイル">
      <UniqueIdentifier>{67DA6AB6-F800-4c08-8B7A-83BB121AAD01}</UniqueIdentifier>
      <Extensions>rc;ico;cur;bmp;dlg;rc2;rct;bin;rgs;gif;jpg;jpeg;jpe;resx;tiff;tif;png;wav;mfcribbon-ms</Extensions>
    </Filter>
    <Filter Include="DirectX12Wrapper">
      <UniqueIdentifier>{2256e66e-ae22-42f5-be74-6e8d63a19d9c}</UniqueIdentifier>
    </Filter>
    <Filter Include="FBX">
      <UniqueIdentifier>{1360d64a-0d15-4ed9-93b2-280c5f3206a3}</UniqueIdentifier>
    </Filter>
    <Filter Include="リソース ファイル\シェーダー">
      <UniqueIdentifier>{e2a86667-1e25-4d55-a090-b91dad48792c}</UniqueIdentifier>
    </Filter>
  </ItemGroup>
  <ItemGroup>
    <ClInclude Include="src\Dx12GraphicsEngine.h">
      <Filter>ヘッダー ファイル</Filter>
    </ClInclude>
    <ClInclude Include="src\Singleton.h">
      <Filter>ヘッダー ファイル</Filter>
    </ClInclude>
    <ClInclude Include="src\EngineUtility.h">
      <Filter>ヘッダー ファイル</Filter>
    </ClInclude>
    <ClInclude Include="src\AppWindow.h">
      <Filter>ヘッダー ファイル</Filter>
    </ClInclude>
    <ClInclude Include="src\Polygon.h">
      <Filter>ヘッダー ファイル</Filter>
    </ClInclude>
    <ClInclude Include="src\OffScreenRender.h">
      <Filter>ヘッダー ファイル</Filter>
    </ClInclude>
    <ClInclude Include="src\Sprite.h">
      <Filter>ヘッダー ファイル</Filter>
    </ClInclude>
    <ClInclude Include="src\ShaderLibrary.h">
      <Filter>ヘッダー ファイル</Filter>
    </ClInclude>
    <ClInclude Include="src\ConstantBuffer.h">
      <Filter>DirectX12Wrapper</Filter>
    </ClInclude>
    <ClInclude Include="src\DepthStencilBuffer.h">
      <Filter>DirectX12Wrapper</Filter>
    </ClInclude>
    <ClInclude Include="src\DescriptorHeapCBV_SRV_UAV.h">
      <Filter>DirectX12Wrapper</Filter>
    </ClInclude>
    <ClInclude Include="src\DescriptorHeapDSV.h">
      <Filter>DirectX12Wrapper</Filter>
    </ClInclude>
    <ClInclude Include="src\DescriptorHeapRTV.h">
      <Filter>DirectX12Wrapper</Filter>
    </ClInclude>
    <ClInclude Include="src\GraphicsPipelineState.h">
      <Filter>DirectX12Wrapper</Filter>
    </ClInclude>
    <ClInclude Include="src\IndexBuffer.h">
      <Filter>DirectX12Wrapper</Filter>
    </ClInclude>
    <ClInclude Include="src\RenderingContext.h">
      <Filter>DirectX12Wrapper</Filter>
    </ClInclude>
    <ClInclude Include="src\RenderTarget.h">
      <Filter>DirectX12Wrapper</Filter>
    </ClInclude>
    <ClInclude Include="src\RenderTargetBuffer.h">
      <Filter>DirectX12Wrapper</Filter>
    </ClInclude>
    <ClInclude Include="src\RootSignature.h">
      <Filter>DirectX12Wrapper</Filter>
    </ClInclude>
    <ClInclude Include="src\Shader.h">
      <Filter>DirectX12Wrapper</Filter>
    </ClInclude>
    <ClInclude Include="src\Texture.h">
      <Filter>DirectX12Wrapper</Filter>
    </ClInclude>
    <ClInclude Include="src\VertexBuffer.h">
      <Filter>DirectX12Wrapper</Filter>
    </ClInclude>
    <ClInclude Include="src\FBXLoader.h">
      <Filter>FBX</Filter>
    </ClInclude>
    <ClInclude Include="src\FBXMesh.h">
      <Filter>FBX</Filter>
    </ClInclude>
  </ItemGroup>
  <ItemGroup>
    <ClCompile Include="src\Dx12GraphicsEngine.cpp">
      <Filter>ソース ファイル</Filter>
    </ClCompile>
    <ClCompile Include="src\AppWindow.cpp">
      <Filter>ソース ファイル</Filter>
    </ClCompile>
    <ClCompile Include="src\Polygon.cpp">
      <Filter>ソース ファイル</Filter>
    </ClCompile>
    <ClCompile Include="src\OffScreenRender.cpp">
      <Filter>ソース ファイル</Filter>
    </ClCompile>
    <ClCompile Include="src\Sprite.cpp">
      <Filter>ソース ファイル</Filter>
    </ClCompile>
    <ClCompile Include="src\ConstantBuffer.cpp">
      <Filter>DirectX12Wrapper</Filter>
    </ClCompile>
    <ClCompile Include="src\DepthStencilBuffer.cpp">
      <Filter>DirectX12Wrapper</Filter>
    </ClCompile>
    <ClCompile Include="src\DescriptorHeapCBV_SRV_UAV.cpp">
      <Filter>DirectX12Wrapper</Filter>
    </ClCompile>
    <ClCompile Include="src\DescriptorHeapDSV.cpp">
      <Filter>DirectX12Wrapper</Filter>
    </ClCompile>
    <ClCompile Include="src\DescriptorHeapRTV.cpp">
      <Filter>DirectX12Wrapper</Filter>
    </ClCompile>
    <ClCompile Include="src\GraphicsPipelineState.cpp">
      <Filter>DirectX12Wrapper</Filter>
    </ClCompile>
    <ClCompile Include="src\IndexBuffer.cpp">
      <Filter>DirectX12Wrapper</Filter>
    </ClCompile>
    <ClCompile Include="src\RenderingContext.cpp">
      <Filter>DirectX12Wrapper</Filter>
    </ClCompile>
    <ClCompile Include="src\RenderTarget.cpp">
      <Filter>DirectX12Wrapper</Filter>
    </ClCompile>
    <ClCompile Include="src\RenderTargetBuffer.cpp">
      <Filter>DirectX12Wrapper</Filter>
    </ClCompile>
    <ClCompile Include="src\RootSignature.cpp">
      <Filter>DirectX12Wrapper</Filter>
    </ClCompile>
    <ClCompile Include="src\Shader.cpp">
      <Filter>DirectX12Wrapper</Filter>
    </ClCompile>
    <ClCompile Include="src\Texture.cpp">
      <Filter>DirectX12Wrapper</Filter>
    </ClCompile>
    <ClCompile Include="src\VertexBuffer.cpp">
      <Filter>DirectX12Wrapper</Filter>
    </ClCompile>
    <ClCompile Include="src\FBXLoader.cpp">
      <Filter>FBX</Filter>
    </ClCompile>
    <ClCompile Include="src\FBXMesh.cpp">
      <Filter>FBX</Filter>
    </ClCompile>
    <ClCompile Include="src\EngineUtility.cpp">
      <Filter>ソース ファイル</Filter>
    </ClCompile>
  </ItemGroup>
  <ItemGroup>
    <None Include="src\PhongReflectionModel.hlsli">
      <Filter>リソース ファイル\シェーダー</Filter>
    </None>
  </ItemGroup>
</Project>