<?xml version="1.0" encoding="utf-8"?>
<Project ToolsVersion="4.0" xmlns="http://schemas.microsoft.com/developer/msbuild/2003">
  <ItemGroup>
    <Filter Include="ソース ファイル">
      <UniqueIdentifier>{4FC737F1-C7A5-4376-A066-2A32D752A2FF}</UniqueIdentifier>
      <Extensions>cpp;c;cc;cxx;c++;cppm;ixx;def;odl;idl;hpj;bat;asm;asmx</Extensions>
    </Filter>
    <Filter Include="ヘッダー ファイル">
      <UniqueIdentifier>{93995380-89BD-4b04-88EB-625FBE52EBFB}</UniqueIdentifier>
      <Extensions>h;hh;hpp;hxx;h++;hm;inl;inc;ipp;xsd</Extensions>
    </Filter>
    <Filter Include="リソース ファイル">
      <UniqueIdentifier>{67DA6AB6-F800-4c08-8B7A-83BB121AAD01}</UniqueIdentifier>
      <Extensions>rc;ico;cur;bmp;dlg;rc2;rct;bin;rgs;gif;jpg;jpeg;jpe;resx;tiff;tif;png;wav;mfcribbon-ms</Extensions>
    </Filter>
    <Filter Include="リソース ファイル\Shaders">
      <UniqueIdentifier>{6442e833-4c26-4dd9-bd0e-0d95d6f023e7}</UniqueIdentifier>
    </Filter>
    <Filter Include="DX12API">
      <UniqueIdentifier>{0f4cc2f4-e394-4f27-998b-4a04c789bb93}</UniqueIdentifier>
    </Filter>
    <Filter Include="Utility">
      <UniqueIdentifier>{e93183ba-f077-451f-b94b-7ae8bc94afa0}</UniqueIdentifier>
    </Filter>
    <Filter Include="Component">
      <UniqueIdentifier>{29f9a1d2-bfcd-4de7-b1f5-5a25a6cbf909}</UniqueIdentifier>
    </Filter>
    <Filter Include="Graphics">
      <UniqueIdentifier>{869297cf-a935-4701-9f68-0e6a7a38f542}</UniqueIdentifier>
    </Filter>
    <Filter Include="Core">
      <UniqueIdentifier>{d4b5a5cf-a87a-4cec-987a-d44b7f8fe438}</UniqueIdentifier>
    </Filter>
  </ItemGroup>
  <ItemGroup>
    <None Include="Shaders\PBR.hlsli">
      <Filter>リソース ファイル\Shaders</Filter>
    </None>
    <None Include="Shaders\PhongReflectionModel.hlsli">
      <Filter>リソース ファイル\Shaders</Filter>
    </None>
    <None Include="Shaders\ShaderCommon.hlsli">
      <Filter>リソース ファイル\Shaders</Filter>
    </None>
    <None Include="Shaders\SkyBoxHeader.hlsli">
      <Filter>リソース ファイル\Shaders</Filter>
    </None>
  </ItemGroup>
  <ItemGroup>
    <FxCompile Include="Shaders\SkyBoxPS.hlsl">
      <Filter>リソース ファイル\Shaders</Filter>
    </FxCompile>
    <FxCompile Include="Shaders\SkyBoxVS.hlsl">
      <Filter>リソース ファイル\Shaders</Filter>
    </FxCompile>
  </ItemGroup>
  <ItemGroup>
    <ClCompile Include="Source\DX12API\ConstantBuffer.cpp">
      <Filter>DX12API</Filter>
    </ClCompile>
    <ClCompile Include="Source\DX12API\DepthStencilBuffer.cpp">
      <Filter>DX12API</Filter>
    </ClCompile>
    <ClCompile Include="Source\DX12API\DescriptorHeapCBV_SRV_UAV.cpp">
      <Filter>DX12API</Filter>
    </ClCompile>
    <ClCompile Include="Source\DX12API\DescriptorHeapDSV.cpp">
      <Filter>DX12API</Filter>
    </ClCompile>
    <ClCompile Include="Source\DX12API\DescriptorHeapRTV.cpp">
      <Filter>DX12API</Filter>
    </ClCompile>
    <ClCompile Include="Source\DX12API\GraphicsPipelineState.cpp">
      <Filter>DX12API</Filter>
    </ClCompile>
    <ClCompile Include="Source\DX12API\IndexBuffer.cpp">
      <Filter>DX12API</Filter>
    </ClCompile>
    <ClCompile Include="Source\DX12API\RenderingContext.cpp">
      <Filter>DX12API</Filter>
    </ClCompile>
    <ClCompile Include="Source\DX12API\RenderTarget.cpp">
      <Filter>DX12API</Filter>
    </ClCompile>
    <ClCompile Include="Source\DX12API\RenderTargetBuffer.cpp">
      <Filter>DX12API</Filter>
    </ClCompile>
    <ClCompile Include="Source\DX12API\RootSignature.cpp">
      <Filter>DX12API</Filter>
    </ClCompile>
    <ClCompile Include="Source\DX12API\Shader.cpp">
      <Filter>DX12API</Filter>
    </ClCompile>
    <ClCompile Include="Source\DX12API\Texture.cpp">
      <Filter>DX12API</Filter>
    </ClCompile>
    <ClCompile Include="Source\DX12API\VertexBuffer.cpp">
      <Filter>DX12API</Filter>
    </ClCompile>
    <ClCompile Include="Source\Utility\EngineUtility.cpp">
      <Filter>Utility</Filter>
    </ClCompile>
    <ClCompile Include="Source\DX12API\ShaderResourceViewDesc.cpp">
      <Filter>DX12API</Filter>
    </ClCompile>
    <ClCompile Include="Source\Graphics\CubeGeometry.cpp">
      <Filter>Graphics</Filter>
    </ClCompile>
    <ClCompile Include="Source\Graphics\FBXLoader.cpp">
      <Filter>Graphics</Filter>
    </ClCompile>
    <ClCompile Include="Source\Graphics\FBXMesh.cpp">
      <Filter>Graphics</Filter>
    </ClCompile>
    <ClCompile Include="Source\Graphics\Geometry.cpp">
      <Filter>Graphics</Filter>
    </ClCompile>
    <ClCompile Include="Source\Graphics\PBRMaterial.cpp">
      <Filter>Graphics</Filter>
    </ClCompile>
    <ClCompile Include="Source\Graphics\PhongMaterial.cpp">
      <Filter>Graphics</Filter>
    </ClCompile>
    <ClCompile Include="Source\Graphics\Polygon.cpp">
      <Filter>Graphics</Filter>
    </ClCompile>
    <ClCompile Include="Source\Graphics\SkySphere.cpp">
      <Filter>Graphics</Filter>
    </ClCompile>
    <ClCompile Include="Source\Graphics\SphereGeometry.cpp">
      <Filter>Graphics</Filter>
    </ClCompile>
    <ClCompile Include="Source\Graphics\Sprite.cpp">
      <Filter>Graphics</Filter>
    </ClCompile>
    <ClCompile Include="Source\Core\AppWindow.cpp">
      <Filter>Core</Filter>
    </ClCompile>
    <ClCompile Include="Source\Core\Dx12GraphicsEngine.cpp">
      <Filter>Core</Filter>
    </ClCompile>
  </ItemGroup>
  <ItemGroup>
    <ClInclude Include="Source\DX12API\ConstantBuffer.h">
      <Filter>DX12API</Filter>
    </ClInclude>
    <ClInclude Include="Source\DX12API\DepthStencilBuffer.h">
      <Filter>DX12API</Filter>
    </ClInclude>
    <ClInclude Include="Source\DX12API\DescriptorHeapCBV_SRV_UAV.h">
      <Filter>DX12API</Filter>
    </ClInclude>
    <ClInclude Include="Source\DX12API\DescriptorHeapDSV.h">
      <Filter>DX12API</Filter>
    </ClInclude>
    <ClInclude Include="Source\DX12API\DescriptorHeapRTV.h">
      <Filter>DX12API</Filter>
    </ClInclude>
    <ClInclude Include="Source\DX12API\GraphicsPipelineState.h">
      <Filter>DX12API</Filter>
    </ClInclude>
    <ClInclude Include="Source\DX12API\IndexBuffer.h">
      <Filter>DX12API</Filter>
    </ClInclude>
    <ClInclude Include="Source\DX12API\RenderingContext.h">
      <Filter>DX12API</Filter>
    </ClInclude>
    <ClInclude Include="Source\DX12API\RenderTarget.h">
      <Filter>DX12API</Filter>
    </ClInclude>
    <ClInclude Include="Source\DX12API\RenderTargetBuffer.h">
      <Filter>DX12API</Filter>
    </ClInclude>
    <ClInclude Include="Source\DX12API\RootSignature.h">
      <Filter>DX12API</Filter>
    </ClInclude>
    <ClInclude Include="Source\DX12API\Shader.h">
      <Filter>DX12API</Filter>
    </ClInclude>
    <ClInclude Include="Source\DX12API\Texture.h">
      <Filter>DX12API</Filter>
    </ClInclude>
    <ClInclude Include="Source\DX12API\VertexBuffer.h">
      <Filter>DX12API</Filter>
    </ClInclude>
    <ClInclude Include="Source\Utility\EngineUtility.h">
      <Filter>Utility</Filter>
    </ClInclude>
    <ClInclude Include="Source\DX12API\ShaderResourceViewDesc.h">
      <Filter>DX12API</Filter>
    </ClInclude>
    <ClInclude Include="Source\Component\IComponent.h">
      <Filter>Component</Filter>
    </ClInclude>
    <ClInclude Include="Source\Utility\Singleton.h">
      <Filter>Utility</Filter>
    </ClInclude>
    <ClInclude Include="Source\Graphics\CubeGeometry.h">
      <Filter>Graphics</Filter>
    </ClInclude>
    <ClInclude Include="Source\Graphics\FBXLoader.h">
      <Filter>Graphics</Filter>
    </ClInclude>
    <ClInclude Include="Source\Graphics\FBXMesh.h">
      <Filter>Graphics</Filter>
    </ClInclude>
    <ClInclude Include="Source\Graphics\Geometry.h">
      <Filter>Graphics</Filter>
    </ClInclude>
    <ClInclude Include="Source\Graphics\GeometryImpl.h">
      <Filter>Graphics</Filter>
    </ClInclude>
    <ClInclude Include="Source\Graphics\IMaterial.h">
      <Filter>Graphics</Filter>
    </ClInclude>
    <ClInclude Include="Source\Graphics\PBRMaterial.h">
      <Filter>Graphics</Filter>
    </ClInclude>
    <ClInclude Include="Source\Graphics\PhongMaterial.h">
      <Filter>Graphics</Filter>
    </ClInclude>
    <ClInclude Include="Source\Graphics\Polygon.h">
      <Filter>Graphics</Filter>
    </ClInclude>
    <ClInclude Include="Source\Graphics\SkySphere.h">
      <Filter>Graphics</Filter>
    </ClInclude>
    <ClInclude Include="Source\Graphics\SphereGeometry.h">
      <Filter>Graphics</Filter>
    </ClInclude>
    <ClInclude Include="Source\Graphics\Sprite.h">
      <Filter>Graphics</Filter>
    </ClInclude>
    <ClInclude Include="Source\Core\AppWindow.h">
      <Filter>Core</Filter>
    </ClInclude>
    <ClInclude Include="Source\Core\Dx12GraphicsEngine.h">
      <Filter>Core</Filter>
    </ClInclude>
  </ItemGroup>
</Project>